
Microsoft Visual Studio Solution File, Format Version 12.00
# Visual Studio 2012
Project("{FAE04EC0-301F-11D3-BF4B-00C04F79EFBC}") = "HRManagement", "HRManagement\HRManagement.csproj", "{1DF6E0AF-B1DD-4607-892B-2CF2EB7FEC23}"
EndProject
Global
	GlobalSection(SolutionConfigurationPlatforms) = preSolution
		Debug|Any CPU = Debug|Any CPU
		Release|Any CPU = Release|Any CPU
	EndGlobalSection
	GlobalSection(ProjectConfigurationPlatforms) = postSolution
		{1DF6E0AF-B1DD-4607-892B-2CF2EB7FEC23}.Debug|Any CPU.ActiveCfg = Debug|Any CPU
		{1DF6E0AF-B1DD-4607-892B-2CF2EB7FEC23}.Debug|Any CPU.Build.0 = Debug|Any CPU
		{1DF6E0AF-B1DD-4607-892B-2CF2EB7FEC23}.Release|Any CPU.ActiveCfg = Release|Any CPU
		{1DF6E0AF-B1DD-4607-892B-2CF2EB7FEC23}.Release|Any CPU.Build.0 = Release|Any CPU
	EndGlobalSection
	GlobalSection(SolutionProperties) = preSolution
		HideSolutionNode = FALSE
	EndGlobalSection
EndGlobal
